
Microsoft Visual Studio Solution File, Format Version 12.00
# Visual Studio Version 16
VisualStudioVersion = 16.0.31911.196
MinimumVisualStudioVersion = 10.0.40219.1
Project("{9A19103F-16F7-4668-BE54-9A1E7A4F7556}") = "DockerAWSECRPushDotNet", "DockerAWSECRPushDotNet\DockerAWSECRPushDotNet.csproj", "{64295E32-7B9A-4E94-AD1B-8A0DFA3A9F68}"
EndProject
Global
	GlobalSection(SolutionConfigurationPlatforms) = preSolution
		Debug|Any CPU = Debug|Any CPU
		Release|Any CPU = Release|Any CPU
	EndGlobalSection
	GlobalSection(ProjectConfigurationPlatforms) = postSolution
		{64295E32-7B9A-4E94-AD1B-8A0DFA3A9F68}.Debug|Any CPU.ActiveCfg = Debug|Any CPU
		{64295E32-7B9A-4E94-AD1B-8A0DFA3A9F68}.Debug|Any CPU.Build.0 = Debug|Any CPU
		{64295E32-7B9A-4E94-AD1B-8A0DFA3A9F68}.Release|Any CPU.ActiveCfg = Release|Any CPU
		{64295E32-7B9A-4E94-AD1B-8A0DFA3A9F68}.Release|Any CPU.Build.0 = Release|Any CPU
	EndGlobalSection
	GlobalSection(SolutionProperties) = preSolution
		HideSolutionNode = FALSE
	EndGlobalSection
	GlobalSection(ExtensibilityGlobals) = postSolution
		SolutionGuid = {984B191B-DC24-4E85-B3EA-B372EA599C18}
	EndGlobalSection
EndGlobal
